
Microsoft Visual Studio Solution File, Format Version 12.00
# Visual Studio Version 17
VisualStudioVersion = 17.8.34309.116
MinimumVisualStudioVersion = 10.0.40219.1
Project("{FAE04EC0-301F-11D3-BF4B-00C04F79EFBC}") = "MinimalTest", "MinimalTest\MinimalTest.csproj", "{53C4EEF4-7629-4217-8373-63B38B9C586E}"
EndProject
Global
	GlobalSection(SolutionConfigurationPlatforms) = preSolution
		Debug|Any CPU = Debug|Any CPU
		Release|Any CPU = Release|Any CPU
	EndGlobalSection
	GlobalSection(ProjectConfigurationPlatforms) = postSolution
		{53C4EEF4-7629-4217-8373-63B38B9C586E}.Debug|Any CPU.ActiveCfg = Debug|Any CPU
		{53C4EEF4-7629-4217-8373-63B38B9C586E}.Debug|Any CPU.Build.0 = Debug|Any CPU
		{53C4EEF4-7629-4217-8373-63B38B9C586E}.Release|Any CPU.ActiveCfg = Release|Any CPU
		{53C4EEF4-7629-4217-8373-63B38B9C586E}.Release|Any CPU.Build.0 = Release|Any CPU
	EndGlobalSection
	GlobalSection(SolutionProperties) = preSolution
		HideSolutionNode = FALSE
	EndGlobalSection
	GlobalSection(ExtensibilityGlobals) = postSolution
		SolutionGuid = {673ADB2E-2A99-4D35-B3F1-6A336F62EA6C}
	EndGlobalSection
EndGlobal
